// !$*UTF8*$!
{
	archiveVersion = 1;
	classes = {
	};
	objectVersion = 55;
	objects = {

/* Begin PBXBuildFile section */
		A5C73F4E9BA318A95B341809 /* Pods_iChat.framework in Frameworks */ = {isa = PBXBuildFile; fileRef = 2DC7F743A70E1B6C41B1E20E /* Pods_iChat.framework */; };
		B40720B028A0847100536B85 /* UIApplication + Extension.swift in Sources */ = {isa = PBXBuildFile; fileRef = B40720AF28A0847100536B85 /* UIApplication + Extension.swift */; };
		B40720B228A14E6700536B85 /* StorageService.swift in Sources */ = {isa = PBXBuildFile; fileRef = B40720B128A14E6700536B85 /* StorageService.swift */; };
		B40A1331289057D30061305C /* UserErrors.swift in Sources */ = {isa = PBXBuildFile; fileRef = B40A1330289057D30061305C /* UserErrors.swift */; };
		B40AE57028A68A760086CF2B /* ListenerService.swift in Sources */ = {isa = PBXBuildFile; fileRef = B40AE56F28A68A760086CF2B /* ListenerService.swift */; };
		B41429B9288F08BA002215A5 /* AuthService.swift in Sources */ = {isa = PBXBuildFile; fileRef = B41429B8288F08BA002215A5 /* AuthService.swift */; };
		B41429BB288F422C002215A5 /* Validators.swift in Sources */ = {isa = PBXBuildFile; fileRef = B41429BA288F422C002215A5 /* Validators.swift */; };
		B41429BD288F46AC002215A5 /* AuthErrors.swift in Sources */ = {isa = PBXBuildFile; fileRef = B41429BC288F46AC002215A5 /* AuthErrors.swift */; };
		B41583662877620900AFEEBF /* Bundle-Decodable.swift in Sources */ = {isa = PBXBuildFile; fileRef = B41583652877620900AFEEBF /* Bundle-Decodable.swift */; };
		B4262719287333E400CA976D /* RegistrationViewController.swift in Sources */ = {isa = PBXBuildFile; fileRef = B4262718287333E400CA976D /* RegistrationViewController.swift */; };
		B426271B2873383D00CA976D /* OneLineTextField.swift in Sources */ = {isa = PBXBuildFile; fileRef = B426271A2873383D00CA976D /* OneLineTextField.swift */; };
		B426271D287347C900CA976D /* LoginViewController.swift in Sources */ = {isa = PBXBuildFile; fileRef = B426271C287347C900CA976D /* LoginViewController.swift */; };
		B426271F28737E5700CA976D /* SetUpProfileViewController.swift in Sources */ = {isa = PBXBuildFile; fileRef = B426271E28737E5700CA976D /* SetUpProfileViewController.swift */; };
		B42627212873819000CA976D /* AddphotoView.swift in Sources */ = {isa = PBXBuildFile; fileRef = B42627202873819000CA976D /* AddphotoView.swift */; };
		B4262723287392F600CA976D /* UISegmentedControl + Extension.swift in Sources */ = {isa = PBXBuildFile; fileRef = B4262722287392F600CA976D /* UISegmentedControl + Extension.swift */; };
		B42627262874F0B300CA976D /* ListViewController.swift in Sources */ = {isa = PBXBuildFile; fileRef = B42627252874F0B300CA976D /* ListViewController.swift */; };
		B42627292874F17600CA976D /* MainTabBarController.swift in Sources */ = {isa = PBXBuildFile; fileRef = B42627282874F17600CA976D /* MainTabBarController.swift */; };
		B426272B2874F1D800CA976D /* PeopleViewController.swift in Sources */ = {isa = PBXBuildFile; fileRef = B426272A2874F1D800CA976D /* PeopleViewController.swift */; };
		B43073DC28AD99480013C206 /* WaitingChatsNavigation.swift in Sources */ = {isa = PBXBuildFile; fileRef = B43073DB28AD99480013C206 /* WaitingChatsNavigation.swift */; };
		B43B663928A8203400830483 /* MMessage.swift in Sources */ = {isa = PBXBuildFile; fileRef = B43B663828A8203400830483 /* MMessage.swift */; };
		B43C3184289049C2009EBCB9 /* AuthNavigationDelegate.swift in Sources */ = {isa = PBXBuildFile; fileRef = B43C3183289049C2009EBCB9 /* AuthNavigationDelegate.swift */; };
		B43C318628904E86009EBCB9 /* FireStoreService.swift in Sources */ = {isa = PBXBuildFile; fileRef = B43C318528904E86009EBCB9 /* FireStoreService.swift */; };
		B45770FC28651646001395DA /* UIbutton + Extension.swift in Sources */ = {isa = PBXBuildFile; fileRef = B45770FB28651646001395DA /* UIbutton + Extension.swift */; };
		B45770FE2865BC84001395DA /* UIFont + Extension.swift in Sources */ = {isa = PBXBuildFile; fileRef = B45770FD2865BC84001395DA /* UIFont + Extension.swift */; };
		B45771002865BE69001395DA /* UIColor + Extension.swift in Sources */ = {isa = PBXBuildFile; fileRef = B45770FF2865BE69001395DA /* UIColor + Extension.swift */; };
		B45771022865C439001395DA /* UILabel + Extension.swift in Sources */ = {isa = PBXBuildFile; fileRef = B45771012865C439001395DA /* UILabel + Extension.swift */; };
		B45771042865C711001395DA /* UIImageView + Extension.swift in Sources */ = {isa = PBXBuildFile; fileRef = B45771032865C711001395DA /* UIImageView + Extension.swift */; };
		B457710A2865CD0D001395DA /* ButtonFormView.swift in Sources */ = {isa = PBXBuildFile; fileRef = B45771092865CD0D001395DA /* ButtonFormView.swift */; };
		B4584686288EF6630036D940 /* waitingChats.json in Resources */ = {isa = PBXBuildFile; fileRef = B4584685288EF6630036D940 /* waitingChats.json */; };
		B4584688288EF66C0036D940 /* activeChats.json in Resources */ = {isa = PBXBuildFile; fileRef = B4584687288EF66C0036D940 /* activeChats.json */; };
		B458468A288EF6B20036D940 /* users.json in Resources */ = {isa = PBXBuildFile; fileRef = B4584689288EF6B20036D940 /* users.json */; };
		B47609B32899B8EF0066BAE8 /* (null) in Embed Frameworks */ = {isa = PBXBuildFile; settings = {ATTRIBUTES = (CodeSignOnCopy, RemoveHeadersOnCopy, ); }; };
		B4A767792880441800FB84E4 /* ActiveChatCell.swift in Sources */ = {isa = PBXBuildFile; fileRef = B4A767782880441800FB84E4 /* ActiveChatCell.swift */; };
		B4A7677B2880604600FB84E4 /* GradientView.swift in Sources */ = {isa = PBXBuildFile; fileRef = B4A7677A2880604600FB84E4 /* GradientView.swift */; };
		B4A7677D28806D8900FB84E4 /* WaitingChatCell.swift in Sources */ = {isa = PBXBuildFile; fileRef = B4A7677C28806D8900FB84E4 /* WaitingChatCell.swift */; };
		B4A7677F28806F0300FB84E4 /* SelfConfigurationCell.swift in Sources */ = {isa = PBXBuildFile; fileRef = B4A7677E28806F0300FB84E4 /* SelfConfigurationCell.swift */; };
		B4A7678228807C2600FB84E4 /* SectionHeader.swift in Sources */ = {isa = PBXBuildFile; fileRef = B4A7678128807C2600FB84E4 /* SectionHeader.swift */; };
		B4BFC2392865E73100676F70 /* UIStackView + Extention.swift in Sources */ = {isa = PBXBuildFile; fileRef = B4BFC2382865E73100676F70 /* UIStackView + Extention.swift */; };
		B4BFC23B2865E9B400676F70 /* .gitignore in Resources */ = {isa = PBXBuildFile; fileRef = B4BFC23A2865E9B400676F70 /* .gitignore */; };
		B4C6220E2864FD52002F25BD /* AppDelegate.swift in Sources */ = {isa = PBXBuildFile; fileRef = B4C6220D2864FD52002F25BD /* AppDelegate.swift */; };
		B4C622102864FD52002F25BD /* SceneDelegate.swift in Sources */ = {isa = PBXBuildFile; fileRef = B4C6220F2864FD52002F25BD /* SceneDelegate.swift */; };
		B4C622122864FD52002F25BD /* AuthViewController.swift in Sources */ = {isa = PBXBuildFile; fileRef = B4C622112864FD52002F25BD /* AuthViewController.swift */; };
		B4C622172864FD54002F25BD /* Assets.xcassets in Resources */ = {isa = PBXBuildFile; fileRef = B4C622162864FD54002F25BD /* Assets.xcassets */; };
		B4C6221A2864FD54002F25BD /* LaunchScreen.storyboard in Resources */ = {isa = PBXBuildFile; fileRef = B4C622182864FD54002F25BD /* LaunchScreen.storyboard */; };
		B4D536A328A15CA300550050 /* UIImage + Extension.swift in Sources */ = {isa = PBXBuildFile; fileRef = B4D536A228A15CA300550050 /* UIImage + Extension.swift */; };
		B4D607C12881D1F5008372CE /* Muser.swift in Sources */ = {isa = PBXBuildFile; fileRef = B4D607C02881D1F5008372CE /* Muser.swift */; };
		B4D607C42881D241008372CE /* MChat.swift in Sources */ = {isa = PBXBuildFile; fileRef = B4D607C32881D241008372CE /* MChat.swift */; };
		B4D607C628871BFA008372CE /* UserCell.swift in Sources */ = {isa = PBXBuildFile; fileRef = B4D607C528871BFA008372CE /* UserCell.swift */; };
		B4D607C828871F94008372CE /* UIViewController Extension.swift in Sources */ = {isa = PBXBuildFile; fileRef = B4D607C728871F94008372CE /* UIViewController Extension.swift */; };
		B4D607CA28875501008372CE /* ProfileViewController.swift in Sources */ = {isa = PBXBuildFile; fileRef = B4D607C928875501008372CE /* ProfileViewController.swift */; };
		B4D607CC28885869008372CE /* Insertable TextField.swift in Sources */ = {isa = PBXBuildFile; fileRef = B4D607CB28885869008372CE /* Insertable TextField.swift */; };
		B4D607CE28885FF1008372CE /* UIView + Extension.swift in Sources */ = {isa = PBXBuildFile; fileRef = B4D607CD28885FF1008372CE /* UIView + Extension.swift */; };
		B4D607D028887294008372CE /* ChatRequestViewController.swift in Sources */ = {isa = PBXBuildFile; fileRef = B4D607CF28887294008372CE /* ChatRequestViewController.swift */; };
		B4D607D2288EF0C7008372CE /* GoogleService-Info.plist in Resources */ = {isa = PBXBuildFile; fileRef = B4D607D1288EF0C7008372CE /* GoogleService-Info.plist */; };
/* End PBXBuildFile section */

/* Begin PBXCopyFilesBuildPhase section */
		B47609B42899B8EF0066BAE8 /* Embed Frameworks */ = {
			isa = PBXCopyFilesBuildPhase;
			buildActionMask = 2147483647;
			dstPath = "";
			dstSubfolderSpec = 10;
			files = (
				B47609B32899B8EF0066BAE8 /* (null) in Embed Frameworks */,
			);
			name = "Embed Frameworks";
			runOnlyForDeploymentPostprocessing = 0;
		};
/* End PBXCopyFilesBuildPhase section */

/* Begin PBXFileReference section */
		2DC7F743A70E1B6C41B1E20E /* Pods_iChat.framework */ = {isa = PBXFileReference; explicitFileType = wrapper.framework; includeInIndex = 0; path = Pods_iChat.framework; sourceTree = BUILT_PRODUCTS_DIR; };
		B40720AF28A0847100536B85 /* UIApplication + Extension.swift */ = {isa = PBXFileReference; lastKnownFileType = sourcecode.swift; path = "UIApplication + Extension.swift"; sourceTree = "<group>"; };
		B40720B128A14E6700536B85 /* StorageService.swift */ = {isa = PBXFileReference; lastKnownFileType = sourcecode.swift; path = StorageService.swift; sourceTree = "<group>"; };
		B40A1330289057D30061305C /* UserErrors.swift */ = {isa = PBXFileReference; lastKnownFileType = sourcecode.swift; path = UserErrors.swift; sourceTree = "<group>"; };
		B40AE56F28A68A760086CF2B /* ListenerService.swift */ = {isa = PBXFileReference; lastKnownFileType = sourcecode.swift; path = ListenerService.swift; sourceTree = "<group>"; };
		B41429B8288F08BA002215A5 /* AuthService.swift */ = {isa = PBXFileReference; lastKnownFileType = sourcecode.swift; path = AuthService.swift; sourceTree = "<group>"; };
		B41429BA288F422C002215A5 /* Validators.swift */ = {isa = PBXFileReference; lastKnownFileType = sourcecode.swift; path = Validators.swift; sourceTree = "<group>"; };
		B41429BC288F46AC002215A5 /* AuthErrors.swift */ = {isa = PBXFileReference; lastKnownFileType = sourcecode.swift; path = AuthErrors.swift; sourceTree = "<group>"; };
		B41583652877620900AFEEBF /* Bundle-Decodable.swift */ = {isa = PBXFileReference; fileEncoding = 4; lastKnownFileType = sourcecode.swift; path = "Bundle-Decodable.swift"; sourceTree = "<group>"; };
		B4262718287333E400CA976D /* RegistrationViewController.swift */ = {isa = PBXFileReference; lastKnownFileType = sourcecode.swift; path = RegistrationViewController.swift; sourceTree = "<group>"; };
		B426271A2873383D00CA976D /* OneLineTextField.swift */ = {isa = PBXFileReference; lastKnownFileType = sourcecode.swift; path = OneLineTextField.swift; sourceTree = "<group>"; };
		B426271C287347C900CA976D /* LoginViewController.swift */ = {isa = PBXFileReference; lastKnownFileType = sourcecode.swift; path = LoginViewController.swift; sourceTree = "<group>"; };
		B426271E28737E5700CA976D /* SetUpProfileViewController.swift */ = {isa = PBXFileReference; lastKnownFileType = sourcecode.swift; path = SetUpProfileViewController.swift; sourceTree = "<group>"; };
		B42627202873819000CA976D /* AddphotoView.swift */ = {isa = PBXFileReference; lastKnownFileType = sourcecode.swift; path = AddphotoView.swift; sourceTree = "<group>"; };
		B4262722287392F600CA976D /* UISegmentedControl + Extension.swift */ = {isa = PBXFileReference; lastKnownFileType = sourcecode.swift; path = "UISegmentedControl + Extension.swift"; sourceTree = "<group>"; };
		B42627252874F0B300CA976D /* ListViewController.swift */ = {isa = PBXFileReference; lastKnownFileType = sourcecode.swift; path = ListViewController.swift; sourceTree = "<group>"; };
		B42627282874F17600CA976D /* MainTabBarController.swift */ = {isa = PBXFileReference; lastKnownFileType = sourcecode.swift; path = MainTabBarController.swift; sourceTree = "<group>"; };
		B426272A2874F1D800CA976D /* PeopleViewController.swift */ = {isa = PBXFileReference; lastKnownFileType = sourcecode.swift; path = PeopleViewController.swift; sourceTree = "<group>"; };
		B43073DB28AD99480013C206 /* WaitingChatsNavigation.swift */ = {isa = PBXFileReference; lastKnownFileType = sourcecode.swift; path = WaitingChatsNavigation.swift; sourceTree = "<group>"; };
		B43B663828A8203400830483 /* MMessage.swift */ = {isa = PBXFileReference; lastKnownFileType = sourcecode.swift; path = MMessage.swift; sourceTree = "<group>"; };
		B43C3183289049C2009EBCB9 /* AuthNavigationDelegate.swift */ = {isa = PBXFileReference; lastKnownFileType = sourcecode.swift; path = AuthNavigationDelegate.swift; sourceTree = "<group>"; };
		B43C318528904E86009EBCB9 /* FireStoreService.swift */ = {isa = PBXFileReference; lastKnownFileType = sourcecode.swift; path = FireStoreService.swift; sourceTree = "<group>"; };
		B45770FB28651646001395DA /* UIbutton + Extension.swift */ = {isa = PBXFileReference; lastKnownFileType = sourcecode.swift; path = "UIbutton + Extension.swift"; sourceTree = "<group>"; };
		B45770FD2865BC84001395DA /* UIFont + Extension.swift */ = {isa = PBXFileReference; lastKnownFileType = sourcecode.swift; path = "UIFont + Extension.swift"; sourceTree = "<group>"; };
		B45770FF2865BE69001395DA /* UIColor + Extension.swift */ = {isa = PBXFileReference; lastKnownFileType = sourcecode.swift; path = "UIColor + Extension.swift"; sourceTree = "<group>"; };
		B45771012865C439001395DA /* UILabel + Extension.swift */ = {isa = PBXFileReference; lastKnownFileType = sourcecode.swift; path = "UILabel + Extension.swift"; sourceTree = "<group>"; };
		B45771032865C711001395DA /* UIImageView + Extension.swift */ = {isa = PBXFileReference; lastKnownFileType = sourcecode.swift; path = "UIImageView + Extension.swift"; sourceTree = "<group>"; };
		B45771092865CD0D001395DA /* ButtonFormView.swift */ = {isa = PBXFileReference; lastKnownFileType = sourcecode.swift; path = ButtonFormView.swift; sourceTree = "<group>"; };
		B4584685288EF6630036D940 /* waitingChats.json */ = {isa = PBXFileReference; fileEncoding = 4; lastKnownFileType = text.json; path = waitingChats.json; sourceTree = "<group>"; };
		B4584687288EF66C0036D940 /* activeChats.json */ = {isa = PBXFileReference; fileEncoding = 4; lastKnownFileType = text.json; path = activeChats.json; sourceTree = "<group>"; };
		B4584689288EF6B20036D940 /* users.json */ = {isa = PBXFileReference; fileEncoding = 4; lastKnownFileType = text.json; path = users.json; sourceTree = "<group>"; };
		B4A767782880441800FB84E4 /* ActiveChatCell.swift */ = {isa = PBXFileReference; lastKnownFileType = sourcecode.swift; path = ActiveChatCell.swift; sourceTree = "<group>"; };
		B4A7677A2880604600FB84E4 /* GradientView.swift */ = {isa = PBXFileReference; lastKnownFileType = sourcecode.swift; path = GradientView.swift; sourceTree = "<group>"; };
		B4A7677C28806D8900FB84E4 /* WaitingChatCell.swift */ = {isa = PBXFileReference; lastKnownFileType = sourcecode.swift; path = WaitingChatCell.swift; sourceTree = "<group>"; };
		B4A7677E28806F0300FB84E4 /* SelfConfigurationCell.swift */ = {isa = PBXFileReference; lastKnownFileType = sourcecode.swift; path = SelfConfigurationCell.swift; sourceTree = "<group>"; };
		B4A7678128807C2600FB84E4 /* SectionHeader.swift */ = {isa = PBXFileReference; lastKnownFileType = sourcecode.swift; path = SectionHeader.swift; sourceTree = "<group>"; };
		B4BFC2382865E73100676F70 /* UIStackView + Extention.swift */ = {isa = PBXFileReference; lastKnownFileType = sourcecode.swift; path = "UIStackView + Extention.swift"; sourceTree = "<group>"; };
		B4BFC23A2865E9B400676F70 /* .gitignore */ = {isa = PBXFileReference; lastKnownFileType = text; path = .gitignore; sourceTree = "<group>"; };
		B4C6220A2864FD52002F25BD /* iChat.app */ = {isa = PBXFileReference; explicitFileType = wrapper.application; includeInIndex = 0; path = iChat.app; sourceTree = BUILT_PRODUCTS_DIR; };
		B4C6220D2864FD52002F25BD /* AppDelegate.swift */ = {isa = PBXFileReference; lastKnownFileType = sourcecode.swift; path = AppDelegate.swift; sourceTree = "<group>"; };
		B4C6220F2864FD52002F25BD /* SceneDelegate.swift */ = {isa = PBXFileReference; lastKnownFileType = sourcecode.swift; path = SceneDelegate.swift; sourceTree = "<group>"; };
		B4C622112864FD52002F25BD /* AuthViewController.swift */ = {isa = PBXFileReference; lastKnownFileType = sourcecode.swift; path = AuthViewController.swift; sourceTree = "<group>"; };
		B4C622162864FD54002F25BD /* Assets.xcassets */ = {isa = PBXFileReference; lastKnownFileType = folder.assetcatalog; path = Assets.xcassets; sourceTree = "<group>"; };
		B4C622192864FD54002F25BD /* Base */ = {isa = PBXFileReference; lastKnownFileType = file.storyboard; name = Base; path = Base.lproj/LaunchScreen.storyboard; sourceTree = "<group>"; };
		B4C6221B2864FD54002F25BD /* Info.plist */ = {isa = PBXFileReference; lastKnownFileType = text.plist.xml; path = Info.plist; sourceTree = "<group>"; };
		B4D536A228A15CA300550050 /* UIImage + Extension.swift */ = {isa = PBXFileReference; lastKnownFileType = sourcecode.swift; path = "UIImage + Extension.swift"; sourceTree = "<group>"; };
		B4D607C02881D1F5008372CE /* Muser.swift */ = {isa = PBXFileReference; lastKnownFileType = sourcecode.swift; path = Muser.swift; sourceTree = "<group>"; };
		B4D607C32881D241008372CE /* MChat.swift */ = {isa = PBXFileReference; lastKnownFileType = sourcecode.swift; path = MChat.swift; sourceTree = "<group>"; };
		B4D607C528871BFA008372CE /* UserCell.swift */ = {isa = PBXFileReference; lastKnownFileType = sourcecode.swift; path = UserCell.swift; sourceTree = "<group>"; };
		B4D607C728871F94008372CE /* UIViewController Extension.swift */ = {isa = PBXFileReference; lastKnownFileType = sourcecode.swift; path = "UIViewController Extension.swift"; sourceTree = "<group>"; };
		B4D607C928875501008372CE /* ProfileViewController.swift */ = {isa = PBXFileReference; lastKnownFileType = sourcecode.swift; path = ProfileViewController.swift; sourceTree = "<group>"; };
		B4D607CB28885869008372CE /* Insertable TextField.swift */ = {isa = PBXFileReference; lastKnownFileType = sourcecode.swift; path = "Insertable TextField.swift"; sourceTree = "<group>"; };
		B4D607CD28885FF1008372CE /* UIView + Extension.swift */ = {isa = PBXFileReference; lastKnownFileType = sourcecode.swift; path = "UIView + Extension.swift"; sourceTree = "<group>"; };
		B4D607CF28887294008372CE /* ChatRequestViewController.swift */ = {isa = PBXFileReference; lastKnownFileType = sourcecode.swift; path = ChatRequestViewController.swift; sourceTree = "<group>"; };
		B4D607D1288EF0C7008372CE /* GoogleService-Info.plist */ = {isa = PBXFileReference; fileEncoding = 4; lastKnownFileType = text.plist.xml; path = "GoogleService-Info.plist"; sourceTree = "<group>"; };
		D6EF8BF318C1A94B838641A3 /* Pods-iChat.debug.xcconfig */ = {isa = PBXFileReference; includeInIndex = 1; lastKnownFileType = text.xcconfig; name = "Pods-iChat.debug.xcconfig"; path = "Target Support Files/Pods-iChat/Pods-iChat.debug.xcconfig"; sourceTree = "<group>"; };
		F7B74DFB211C661B4EF045EF /* Pods-iChat.release.xcconfig */ = {isa = PBXFileReference; includeInIndex = 1; lastKnownFileType = text.xcconfig; name = "Pods-iChat.release.xcconfig"; path = "Target Support Files/Pods-iChat/Pods-iChat.release.xcconfig"; sourceTree = "<group>"; };
/* End PBXFileReference section */

/* Begin PBXFrameworksBuildPhase section */
		B4C622072864FD52002F25BD /* Frameworks */ = {
			isa = PBXFrameworksBuildPhase;
			buildActionMask = 2147483647;
			files = (
				A5C73F4E9BA318A95B341809 /* Pods_iChat.framework in Frameworks */,
			);
			runOnlyForDeploymentPostprocessing = 0;
		};
/* End PBXFrameworksBuildPhase section */

/* Begin PBXGroup section */
		4CC41ECABE35DEC69275F2FC /* Frameworks */ = {
			isa = PBXGroup;
			children = (
				2DC7F743A70E1B6C41B1E20E /* Pods_iChat.framework */,
			);
			name = Frameworks;
			sourceTree = "<group>";
		};
		508B41AC37A56733F099B47B /* Pods */ = {
			isa = PBXGroup;
			children = (
				D6EF8BF318C1A94B838641A3 /* Pods-iChat.debug.xcconfig */,
				F7B74DFB211C661B4EF045EF /* Pods-iChat.release.xcconfig */,
			);
			path = Pods;
			sourceTree = "<group>";
		};
		B41429B7288F0881002215A5 /* Services */ = {
			isa = PBXGroup;
			children = (
				B4D607C22881D229008372CE /* Model */,
				B41429B8288F08BA002215A5 /* AuthService.swift */,
				B43C318528904E86009EBCB9 /* FireStoreService.swift */,
				B40720B128A14E6700536B85 /* StorageService.swift */,
				B40AE56F28A68A760086CF2B /* ListenerService.swift */,
			);
			path = Services;
			sourceTree = "<group>";
		};
		B41429BE288F4B80002215A5 /* Helpers */ = {
			isa = PBXGroup;
			children = (
				B41429BA288F422C002215A5 /* Validators.swift */,
				B41429BC288F46AC002215A5 /* AuthErrors.swift */,
				B40A1330289057D30061305C /* UserErrors.swift */,
			);
			path = Helpers;
			sourceTree = "<group>";
		};
		B42627242874F04A00CA976D /* SignIn&Auth */ = {
			isa = PBXGroup;
			children = (
				B4C622112864FD52002F25BD /* AuthViewController.swift */,
				B426271C287347C900CA976D /* LoginViewController.swift */,
				B426271E28737E5700CA976D /* SetUpProfileViewController.swift */,
				B4262718287333E400CA976D /* RegistrationViewController.swift */,
			);
			path = "SignIn&Auth";
			sourceTree = "<group>";
		};
		B42627272874F14100CA976D /* Controllers */ = {
			isa = PBXGroup;
			children = (
				B4A76777288043EF00FB84E4 /* Cell */,
				B42627252874F0B300CA976D /* ListViewController.swift */,
				B42627282874F17600CA976D /* MainTabBarController.swift */,
				B426272A2874F1D800CA976D /* PeopleViewController.swift */,
				B4D607C928875501008372CE /* ProfileViewController.swift */,
				B4D607CF28887294008372CE /* ChatRequestViewController.swift */,
			);
			path = Controllers;
			sourceTree = "<group>";
		};
		B45771052865C97A001395DA /* Extensions */ = {
			isa = PBXGroup;
			children = (
				B4584687288EF66C0036D940 /* activeChats.json */,
				B4584685288EF6630036D940 /* waitingChats.json */,
				B4584689288EF6B20036D940 /* users.json */,
				B4A7678028806F5600FB84E4 /* Protocols */,
				B426271A2873383D00CA976D /* OneLineTextField.swift */,
				B4D607CB28885869008372CE /* Insertable TextField.swift */,
				B45771092865CD0D001395DA /* ButtonFormView.swift */,
				B42627202873819000CA976D /* AddphotoView.swift */,
				B41583652877620900AFEEBF /* Bundle-Decodable.swift */,
				B4A7677A2880604600FB84E4 /* GradientView.swift */,
				B43073DB28AD99480013C206 /* WaitingChatsNavigation.swift */,
				B45771082865CA09001395DA /* UIKit */,
			);
			path = Extensions;
			sourceTree = "<group>";
		};
		B45771082865CA09001395DA /* UIKit */ = {
			isa = PBXGroup;
			children = (
				B4BFC2382865E73100676F70 /* UIStackView + Extention.swift */,
				B45770FD2865BC84001395DA /* UIFont + Extension.swift */,
				B45770FF2865BE69001395DA /* UIColor + Extension.swift */,
				B45771012865C439001395DA /* UILabel + Extension.swift */,
				B45771032865C711001395DA /* UIImageView + Extension.swift */,
				B45770FB28651646001395DA /* UIbutton + Extension.swift */,
				B4262722287392F600CA976D /* UISegmentedControl + Extension.swift */,
				B4D607C728871F94008372CE /* UIViewController Extension.swift */,
				B4D607CD28885FF1008372CE /* UIView + Extension.swift */,
				B40720AF28A0847100536B85 /* UIApplication + Extension.swift */,
				B4D536A228A15CA300550050 /* UIImage + Extension.swift */,
			);
			path = UIKit;
			sourceTree = "<group>";
		};
		B4A76777288043EF00FB84E4 /* Cell */ = {
			isa = PBXGroup;
			children = (
				B4A767782880441800FB84E4 /* ActiveChatCell.swift */,
				B4A7677C28806D8900FB84E4 /* WaitingChatCell.swift */,
				B4A7678128807C2600FB84E4 /* SectionHeader.swift */,
				B4D607C528871BFA008372CE /* UserCell.swift */,
			);
			path = Cell;
			sourceTree = "<group>";
		};
		B4A7678028806F5600FB84E4 /* Protocols */ = {
			isa = PBXGroup;
			children = (
				B4A7677E28806F0300FB84E4 /* SelfConfigurationCell.swift */,
				B43C3183289049C2009EBCB9 /* AuthNavigationDelegate.swift */,
			);
			path = Protocols;
			sourceTree = "<group>";
		};
		B4C622012864FD52002F25BD = {
			isa = PBXGroup;
			children = (
				B4C6220C2864FD52002F25BD /* iChat */,
				B4C6220B2864FD52002F25BD /* Products */,
				508B41AC37A56733F099B47B /* Pods */,
				4CC41ECABE35DEC69275F2FC /* Frameworks */,
			);
			sourceTree = "<group>";
		};
		B4C6220B2864FD52002F25BD /* Products */ = {
			isa = PBXGroup;
			children = (
				B4C6220A2864FD52002F25BD /* iChat.app */,
			);
			name = Products;
			sourceTree = "<group>";
		};
		B4C6220C2864FD52002F25BD /* iChat */ = {
			isa = PBXGroup;
			children = (
				B4C6220D2864FD52002F25BD /* AppDelegate.swift */,
				B4C6220F2864FD52002F25BD /* SceneDelegate.swift */,
				B41429B7288F0881002215A5 /* Services */,
				B42627272874F14100CA976D /* Controllers */,
				B42627242874F04A00CA976D /* SignIn&Auth */,
				B4BFC23A2865E9B400676F70 /* .gitignore */,
				B4C622162864FD54002F25BD /* Assets.xcassets */,
				B4C622182864FD54002F25BD /* LaunchScreen.storyboard */,
				B4C6221B2864FD54002F25BD /* Info.plist */,
				B4D607D1288EF0C7008372CE /* GoogleService-Info.plist */,
				B41429BE288F4B80002215A5 /* Helpers */,
				B45771052865C97A001395DA /* Extensions */,
			);
			path = iChat;
			sourceTree = "<group>";
		};
		B4D607C22881D229008372CE /* Model */ = {
			isa = PBXGroup;
			children = (
				B4D607C02881D1F5008372CE /* Muser.swift */,
				B4D607C32881D241008372CE /* MChat.swift */,
				B43B663828A8203400830483 /* MMessage.swift */,
			);
			path = Model;
			sourceTree = "<group>";
		};
/* End PBXGroup section */

/* Begin PBXNativeTarget section */
		B4C622092864FD52002F25BD /* iChat */ = {
			isa = PBXNativeTarget;
			buildConfigurationList = B4C6221E2864FD54002F25BD /* Build configuration list for PBXNativeTarget "iChat" */;
			buildPhases = (
				8B62919873BC899AF0387393 /* [CP] Check Pods Manifest.lock */,
				B4C622062864FD52002F25BD /* Sources */,
				B4C622072864FD52002F25BD /* Frameworks */,
				B4C622082864FD52002F25BD /* Resources */,
				B47609B42899B8EF0066BAE8 /* Embed Frameworks */,
				95DAFF3DC6740DDBF9F49608 /* [CP] Embed Pods Frameworks */,
			);
			buildRules = (
			);
			dependencies = (
			);
			name = iChat;
			productName = iChat;
			productReference = B4C6220A2864FD52002F25BD /* iChat.app */;
			productType = "com.apple.product-type.application";
		};
/* End PBXNativeTarget section */

/* Begin PBXProject section */
		B4C622022864FD52002F25BD /* Project object */ = {
			isa = PBXProject;
			attributes = {
				BuildIndependentTargetsInParallel = 1;
				LastSwiftUpdateCheck = 1340;
				LastUpgradeCheck = 1340;
				TargetAttributes = {
					B4C622092864FD52002F25BD = {
						CreatedOnToolsVersion = 13.4.1;
					};
				};
			};
			buildConfigurationList = B4C622052864FD52002F25BD /* Build configuration list for PBXProject "iChat" */;
			compatibilityVersion = "Xcode 13.0";
			developmentRegion = en;
			hasScannedForEncodings = 0;
			knownRegions = (
				en,
				Base,
			);
			mainGroup = B4C622012864FD52002F25BD;
			productRefGroup = B4C6220B2864FD52002F25BD /* Products */;
			projectDirPath = "";
			projectRoot = "";
			targets = (
				B4C622092864FD52002F25BD /* iChat */,
			);
		};
/* End PBXProject section */

/* Begin PBXResourcesBuildPhase section */
		B4C622082864FD52002F25BD /* Resources */ = {
			isa = PBXResourcesBuildPhase;
			buildActionMask = 2147483647;
			files = (
				B4C6221A2864FD54002F25BD /* LaunchScreen.storyboard in Resources */,
				B4584688288EF66C0036D940 /* activeChats.json in Resources */,
				B4BFC23B2865E9B400676F70 /* .gitignore in Resources */,
				B4584686288EF6630036D940 /* waitingChats.json in Resources */,
				B458468A288EF6B20036D940 /* users.json in Resources */,
				B4C622172864FD54002F25BD /* Assets.xcassets in Resources */,
				B4D607D2288EF0C7008372CE /* GoogleService-Info.plist in Resources */,
			);
			runOnlyForDeploymentPostprocessing = 0;
		};
/* End PBXResourcesBuildPhase section */

/* Begin PBXShellScriptBuildPhase section */
		8B62919873BC899AF0387393 /* [CP] Check Pods Manifest.lock */ = {
			isa = PBXShellScriptBuildPhase;
			buildActionMask = 2147483647;
			files = (
			);
			inputFileListPaths = (
			);
			inputPaths = (
				"${PODS_PODFILE_DIR_PATH}/Podfile.lock",
				"${PODS_ROOT}/Manifest.lock",
			);
			name = "[CP] Check Pods Manifest.lock";
			outputFileListPaths = (
			);
			outputPaths = (
				"$(DERIVED_FILE_DIR)/Pods-iChat-checkManifestLockResult.txt",
			);
			runOnlyForDeploymentPostprocessing = 0;
			shellPath = /bin/sh;
			shellScript = "diff \"${PODS_PODFILE_DIR_PATH}/Podfile.lock\" \"${PODS_ROOT}/Manifest.lock\" > /dev/null\nif [ $? != 0 ] ; then\n    # print error to STDERR\n    echo \"error: The sandbox is not in sync with the Podfile.lock. Run 'pod install' or update your CocoaPods installation.\" >&2\n    exit 1\nfi\n# This output is used by Xcode 'outputs' to avoid re-running this script phase.\necho \"SUCCESS\" > \"${SCRIPT_OUTPUT_FILE_0}\"\n";
			showEnvVarsInLog = 0;
		};
		95DAFF3DC6740DDBF9F49608 /* [CP] Embed Pods Frameworks */ = {
			isa = PBXShellScriptBuildPhase;
			buildActionMask = 2147483647;
			files = (
			);
			inputFileListPaths = (
				"${PODS_ROOT}/Target Support Files/Pods-iChat/Pods-iChat-frameworks-${CONFIGURATION}-input-files.xcfilelist",
			);
			name = "[CP] Embed Pods Frameworks";
			outputFileListPaths = (
				"${PODS_ROOT}/Target Support Files/Pods-iChat/Pods-iChat-frameworks-${CONFIGURATION}-output-files.xcfilelist",
			);
			runOnlyForDeploymentPostprocessing = 0;
			shellPath = /bin/sh;
			shellScript = "\"${PODS_ROOT}/Target Support Files/Pods-iChat/Pods-iChat-frameworks.sh\"\n";
			showEnvVarsInLog = 0;
		};
/* End PBXShellScriptBuildPhase section */

/* Begin PBXSourcesBuildPhase section */
		B4C622062864FD52002F25BD /* Sources */ = {
			isa = PBXSourcesBuildPhase;
			buildActionMask = 2147483647;
			files = (
				B4D607C42881D241008372CE /* MChat.swift in Sources */,
				B42627262874F0B300CA976D /* ListViewController.swift in Sources */,
				B426271B2873383D00CA976D /* OneLineTextField.swift in Sources */,
				B4A7678228807C2600FB84E4 /* SectionHeader.swift in Sources */,
				B4A7677B2880604600FB84E4 /* GradientView.swift in Sources */,
				B40720B028A0847100536B85 /* UIApplication + Extension.swift in Sources */,
				B42627292874F17600CA976D /* MainTabBarController.swift in Sources */,
				B4262719287333E400CA976D /* RegistrationViewController.swift in Sources */,
				B4A767792880441800FB84E4 /* ActiveChatCell.swift in Sources */,
				B41429BB288F422C002215A5 /* Validators.swift in Sources */,
				B426271F28737E5700CA976D /* SetUpProfileViewController.swift in Sources */,
				B426272B2874F1D800CA976D /* PeopleViewController.swift in Sources */,
				B42627212873819000CA976D /* AddphotoView.swift in Sources */,
				B43C3184289049C2009EBCB9 /* AuthNavigationDelegate.swift in Sources */,
				B40A1331289057D30061305C /* UserErrors.swift in Sources */,
				B41583662877620900AFEEBF /* Bundle-Decodable.swift in Sources */,
				B4D607CC28885869008372CE /* Insertable TextField.swift in Sources */,
				B4D607CA28875501008372CE /* ProfileViewController.swift in Sources */,
				B45770FE2865BC84001395DA /* UIFont + Extension.swift in Sources */,
				B4D607D028887294008372CE /* ChatRequestViewController.swift in Sources */,
				B4C622122864FD52002F25BD /* AuthViewController.swift in Sources */,
				B4C6220E2864FD52002F25BD /* AppDelegate.swift in Sources */,
				B457710A2865CD0D001395DA /* ButtonFormView.swift in Sources */,
				B45771022865C439001395DA /* UILabel + Extension.swift in Sources */,
				B45771042865C711001395DA /* UIImageView + Extension.swift in Sources */,
				B4D607CE28885FF1008372CE /* UIView + Extension.swift in Sources */,
				B4A7677F28806F0300FB84E4 /* SelfConfigurationCell.swift in Sources */,
				B43C318628904E86009EBCB9 /* FireStoreService.swift in Sources */,
				B40720B228A14E6700536B85 /* StorageService.swift in Sources */,
				B4262723287392F600CA976D /* UISegmentedControl + Extension.swift in Sources */,
				B4D607C628871BFA008372CE /* UserCell.swift in Sources */,
				B4D607C828871F94008372CE /* UIViewController Extension.swift in Sources */,
				B4A7677D28806D8900FB84E4 /* WaitingChatCell.swift in Sources */,
				B4D607C12881D1F5008372CE /* Muser.swift in Sources */,
				B4BFC2392865E73100676F70 /* UIStackView + Extention.swift in Sources */,
				B4D536A328A15CA300550050 /* UIImage + Extension.swift in Sources */,
				B45771002865BE69001395DA /* UIColor + Extension.swift in Sources */,
				B40AE57028A68A760086CF2B /* ListenerService.swift in Sources */,
				B4C622102864FD52002F25BD /* SceneDelegate.swift in Sources */,
				B43B663928A8203400830483 /* MMessage.swift in Sources */,
				B41429B9288F08BA002215A5 /* AuthService.swift in Sources */,
				B426271D287347C900CA976D /* LoginViewController.swift in Sources */,
				B41429BD288F46AC002215A5 /* AuthErrors.swift in Sources */,
				B43073DC28AD99480013C206 /* WaitingChatsNavigation.swift in Sources */,
				B45770FC28651646001395DA /* UIbutton + Extension.swift in Sources */,
			);
			runOnlyForDeploymentPostprocessing = 0;
		};
/* End PBXSourcesBuildPhase section */

/* Begin PBXVariantGroup section */
		B4C622182864FD54002F25BD /* LaunchScreen.storyboard */ = {
			isa = PBXVariantGroup;
			children = (
				B4C622192864FD54002F25BD /* Base */,
			);
			name = LaunchScreen.storyboard;
			sourceTree = "<group>";
		};
/* End PBXVariantGroup section */

/* Begin XCBuildConfiguration section */
		B4C6221C2864FD54002F25BD /* Debug */ = {
			isa = XCBuildConfiguration;
			buildSettings = {
				ALWAYS_SEARCH_USER_PATHS = NO;
				CLANG_ANALYZER_NONNULL = YES;
				CLANG_ANALYZER_NUMBER_OBJECT_CONVERSION = YES_AGGRESSIVE;
				CLANG_CXX_LANGUAGE_STANDARD = "gnu++17";
				CLANG_ENABLE_MODULES = YES;
				CLANG_ENABLE_OBJC_ARC = YES;
				CLANG_ENABLE_OBJC_WEAK = YES;
				CLANG_WARN_BLOCK_CAPTURE_AUTORELEASING = YES;
				CLANG_WARN_BOOL_CONVERSION = YES;
				CLANG_WARN_COMMA = YES;
				CLANG_WARN_CONSTANT_CONVERSION = YES;
				CLANG_WARN_DEPRECATED_OBJC_IMPLEMENTATIONS = YES;
				CLANG_WARN_DIRECT_OBJC_ISA_USAGE = YES_ERROR;
				CLANG_WARN_DOCUMENTATION_COMMENTS = YES;
				CLANG_WARN_EMPTY_BODY = YES;
				CLANG_WARN_ENUM_CONVERSION = YES;
				CLANG_WARN_INFINITE_RECURSION = YES;
				CLANG_WARN_INT_CONVERSION = YES;
				CLANG_WARN_NON_LITERAL_NULL_CONVERSION = YES;
				CLANG_WARN_OBJC_IMPLICIT_RETAIN_SELF = YES;
				CLANG_WARN_OBJC_LITERAL_CONVERSION = YES;
				CLANG_WARN_OBJC_ROOT_CLASS = YES_ERROR;
				CLANG_WARN_QUOTED_INCLUDE_IN_FRAMEWORK_HEADER = YES;
				CLANG_WARN_RANGE_LOOP_ANALYSIS = YES;
				CLANG_WARN_STRICT_PROTOTYPES = YES;
				CLANG_WARN_SUSPICIOUS_MOVE = YES;
				CLANG_WARN_UNGUARDED_AVAILABILITY = YES_AGGRESSIVE;
				CLANG_WARN_UNREACHABLE_CODE = YES;
				CLANG_WARN__DUPLICATE_METHOD_MATCH = YES;
				COPY_PHASE_STRIP = NO;
				DEBUG_INFORMATION_FORMAT = dwarf;
				ENABLE_STRICT_OBJC_MSGSEND = YES;
				ENABLE_TESTABILITY = YES;
				GCC_C_LANGUAGE_STANDARD = gnu11;
				GCC_DYNAMIC_NO_PIC = NO;
				GCC_NO_COMMON_BLOCKS = YES;
				GCC_OPTIMIZATION_LEVEL = 0;
				GCC_PREPROCESSOR_DEFINITIONS = (
					"DEBUG=1",
					"$(inherited)",
				);
				GCC_WARN_64_TO_32_BIT_CONVERSION = YES;
				GCC_WARN_ABOUT_RETURN_TYPE = YES_ERROR;
				GCC_WARN_UNDECLARED_SELECTOR = YES;
				GCC_WARN_UNINITIALIZED_AUTOS = YES_AGGRESSIVE;
				GCC_WARN_UNUSED_FUNCTION = YES;
				GCC_WARN_UNUSED_VARIABLE = YES;
				IPHONEOS_DEPLOYMENT_TARGET = 15.5;
				MTL_ENABLE_DEBUG_INFO = INCLUDE_SOURCE;
				MTL_FAST_MATH = YES;
				ONLY_ACTIVE_ARCH = YES;
				SDKROOT = iphoneos;
				SWIFT_ACTIVE_COMPILATION_CONDITIONS = DEBUG;
				SWIFT_OPTIMIZATION_LEVEL = "-Onone";
			};
			name = Debug;
		};
		B4C6221D2864FD54002F25BD /* Release */ = {
			isa = XCBuildConfiguration;
			buildSettings = {
				ALWAYS_SEARCH_USER_PATHS = NO;
				CLANG_ANALYZER_NONNULL = YES;
				CLANG_ANALYZER_NUMBER_OBJECT_CONVERSION = YES_AGGRESSIVE;
				CLANG_CXX_LANGUAGE_STANDARD = "gnu++17";
				CLANG_ENABLE_MODULES = YES;
				CLANG_ENABLE_OBJC_ARC = YES;
				CLANG_ENABLE_OBJC_WEAK = YES;
				CLANG_WARN_BLOCK_CAPTURE_AUTORELEASING = YES;
				CLANG_WARN_BOOL_CONVERSION = YES;
				CLANG_WARN_COMMA = YES;
				CLANG_WARN_CONSTANT_CONVERSION = YES;
				CLANG_WARN_DEPRECATED_OBJC_IMPLEMENTATIONS = YES;
				CLANG_WARN_DIRECT_OBJC_ISA_USAGE = YES_ERROR;
				CLANG_WARN_DOCUMENTATION_COMMENTS = YES;
				CLANG_WARN_EMPTY_BODY = YES;
				CLANG_WARN_ENUM_CONVERSION = YES;
				CLANG_WARN_INFINITE_RECURSION = YES;
				CLANG_WARN_INT_CONVERSION = YES;
				CLANG_WARN_NON_LITERAL_NULL_CONVERSION = YES;
				CLANG_WARN_OBJC_IMPLICIT_RETAIN_SELF = YES;
				CLANG_WARN_OBJC_LITERAL_CONVERSION = YES;
				CLANG_WARN_OBJC_ROOT_CLASS = YES_ERROR;
				CLANG_WARN_QUOTED_INCLUDE_IN_FRAMEWORK_HEADER = YES;
				CLANG_WARN_RANGE_LOOP_ANALYSIS = YES;
				CLANG_WARN_STRICT_PROTOTYPES = YES;
				CLANG_WARN_SUSPICIOUS_MOVE = YES;
				CLANG_WARN_UNGUARDED_AVAILABILITY = YES_AGGRESSIVE;
				CLANG_WARN_UNREACHABLE_CODE = YES;
				CLANG_WARN__DUPLICATE_METHOD_MATCH = YES;
				COPY_PHASE_STRIP = NO;
				DEBUG_INFORMATION_FORMAT = "dwarf-with-dsym";
				ENABLE_NS_ASSERTIONS = NO;
				ENABLE_STRICT_OBJC_MSGSEND = YES;
				GCC_C_LANGUAGE_STANDARD = gnu11;
				GCC_NO_COMMON_BLOCKS = YES;
				GCC_WARN_64_TO_32_BIT_CONVERSION = YES;
				GCC_WARN_ABOUT_RETURN_TYPE = YES_ERROR;
				GCC_WARN_UNDECLARED_SELECTOR = YES;
				GCC_WARN_UNINITIALIZED_AUTOS = YES_AGGRESSIVE;
				GCC_WARN_UNUSED_FUNCTION = YES;
				GCC_WARN_UNUSED_VARIABLE = YES;
				IPHONEOS_DEPLOYMENT_TARGET = 15.5;
				MTL_ENABLE_DEBUG_INFO = NO;
				MTL_FAST_MATH = YES;
				SDKROOT = iphoneos;
				SWIFT_COMPILATION_MODE = wholemodule;
				SWIFT_OPTIMIZATION_LEVEL = "-O";
				VALIDATE_PRODUCT = YES;
			};
			name = Release;
		};
		B4C6221F2864FD54002F25BD /* Debug */ = {
			isa = XCBuildConfiguration;
			baseConfigurationReference = D6EF8BF318C1A94B838641A3 /* Pods-iChat.debug.xcconfig */;
			buildSettings = {
				ASSETCATALOG_COMPILER_APPICON_NAME = AppIcon;
				ASSETCATALOG_COMPILER_GLOBAL_ACCENT_COLOR_NAME = AccentColor;
				BUILD_LIBRARY_FOR_DISTRIBUTION = YES;
				CODE_SIGN_STYLE = Automatic;
				CURRENT_PROJECT_VERSION = 1;
				DEVELOPMENT_TEAM = Z4S8VL3GHH;
				GCC_NO_COMMON_BLOCKS = NO;
				GENERATE_INFOPLIST_FILE = YES;
				INFOPLIST_FILE = iChat/Info.plist;
				INFOPLIST_KEY_UIApplicationSupportsIndirectInputEvents = YES;
				INFOPLIST_KEY_UILaunchStoryboardName = LaunchScreen;
				INFOPLIST_KEY_UISupportedInterfaceOrientations_iPad = "UIInterfaceOrientationPortrait UIInterfaceOrientationPortraitUpsideDown UIInterfaceOrientationLandscapeLeft UIInterfaceOrientationLandscapeRight";
				INFOPLIST_KEY_UISupportedInterfaceOrientations_iPhone = "UIInterfaceOrientationPortrait UIInterfaceOrientationLandscapeLeft UIInterfaceOrientationLandscapeRight";
				LD_RUNPATH_SEARCH_PATHS = (
					"$(inherited)",
					"@executable_path/Frameworks",
				);
				MARKETING_VERSION = 1.0;
				PRODUCT_BUNDLE_IDENTIFIER = su.andrerusso.iChat;
				PRODUCT_NAME = "$(TARGET_NAME)";
				SWIFT_EMIT_LOC_STRINGS = YES;
				SWIFT_VERSION = 5.0;
				TARGETED_DEVICE_FAMILY = "1,2";
			};
			name = Debug;
		};
		B4C622202864FD54002F25BD /* Release */ = {
			isa = XCBuildConfiguration;
			baseConfigurationReference = F7B74DFB211C661B4EF045EF /* Pods-iChat.release.xcconfig */;
			buildSettings = {
				ASSETCATALOG_COMPILER_APPICON_NAME = AppIcon;
				ASSETCATALOG_COMPILER_GLOBAL_ACCENT_COLOR_NAME = AccentColor;
				BUILD_LIBRARY_FOR_DISTRIBUTION = YES;
				CODE_SIGN_STYLE = Automatic;
				CURRENT_PROJECT_VERSION = 1;
				DEVELOPMENT_TEAM = Z4S8VL3GHH;
				GCC_NO_COMMON_BLOCKS = NO;
				GENERATE_INFOPLIST_FILE = YES;
				INFOPLIST_FILE = iChat/Info.plist;
				INFOPLIST_KEY_UIApplicationSupportsIndirectInputEvents = YES;
				INFOPLIST_KEY_UILaunchStoryboardName = LaunchScreen;
				INFOPLIST_KEY_UISupportedInterfaceOrientations_iPad = "UIInterfaceOrientationPortrait UIInterfaceOrientationPortraitUpsideDown UIInterfaceOrientationLandscapeLeft UIInterfaceOrientationLandscapeRight";
				INFOPLIST_KEY_UISupportedInterfaceOrientations_iPhone = "UIInterfaceOrientationPortrait UIInterfaceOrientationLandscapeLeft UIInterfaceOrientationLandscapeRight";
				LD_RUNPATH_SEARCH_PATHS = (
					"$(inherited)",
					"@executable_path/Frameworks",
				);
				MARKETING_VERSION = 1.0;
				PRODUCT_BUNDLE_IDENTIFIER = su.andrerusso.iChat;
				PRODUCT_NAME = "$(TARGET_NAME)";
				SWIFT_EMIT_LOC_STRINGS = YES;
				SWIFT_VERSION = 5.0;
				TARGETED_DEVICE_FAMILY = "1,2";
			};
			name = Release;
		};
/* End XCBuildConfiguration section */

/* Begin XCConfigurationList section */
		B4C622052864FD52002F25BD /* Build configuration list for PBXProject "iChat" */ = {
			isa = XCConfigurationList;
			buildConfigurations = (
				B4C6221C2864FD54002F25BD /* Debug */,
				B4C6221D2864FD54002F25BD /* Release */,
			);
			defaultConfigurationIsVisible = 0;
			defaultConfigurationName = Release;
		};
		B4C6221E2864FD54002F25BD /* Build configuration list for PBXNativeTarget "iChat" */ = {
			isa = XCConfigurationList;
			buildConfigurations = (
				B4C6221F2864FD54002F25BD /* Debug */,
				B4C622202864FD54002F25BD /* Release */,
			);
			defaultConfigurationIsVisible = 0;
			defaultConfigurationName = Release;
		};
/* End XCConfigurationList section */
	};
	rootObject = B4C622022864FD52002F25BD /* Project object */;
}
