// !$*UTF8*$!
{
	archiveVersion = 1;
	classes = {
	};
	objectVersion = 55;
	objects = {

/* Begin PBXBuildFile section */
		B41583632877617400AFEEBF /* activeChats.json in Resources */ = {isa = PBXBuildFile; fileRef = B41583612877617400AFEEBF /* activeChats.json */; };
		B41583642877617400AFEEBF /* waitingChats.json in Resources */ = {isa = PBXBuildFile; fileRef = B41583622877617400AFEEBF /* waitingChats.json */; };
		B41583662877620900AFEEBF /* Bundle-Decodable.swift in Sources */ = {isa = PBXBuildFile; fileRef = B41583652877620900AFEEBF /* Bundle-Decodable.swift */; };
		B4262719287333E400CA976D /* SignUpViewController.swift in Sources */ = {isa = PBXBuildFile; fileRef = B4262718287333E400CA976D /* SignUpViewController.swift */; };
		B426271B2873383D00CA976D /* OneLineTextField.swift in Sources */ = {isa = PBXBuildFile; fileRef = B426271A2873383D00CA976D /* OneLineTextField.swift */; };
		B426271D287347C900CA976D /* LoginViewController.swift in Sources */ = {isa = PBXBuildFile; fileRef = B426271C287347C900CA976D /* LoginViewController.swift */; };
		B426271F28737E5700CA976D /* SetUpProfileViewController.swift in Sources */ = {isa = PBXBuildFile; fileRef = B426271E28737E5700CA976D /* SetUpProfileViewController.swift */; };
		B42627212873819000CA976D /* AddphotoView.swift in Sources */ = {isa = PBXBuildFile; fileRef = B42627202873819000CA976D /* AddphotoView.swift */; };
		B4262723287392F600CA976D /* UISegmentedControl + Extension.swift in Sources */ = {isa = PBXBuildFile; fileRef = B4262722287392F600CA976D /* UISegmentedControl + Extension.swift */; };
		B42627262874F0B300CA976D /* ListViewController.swift in Sources */ = {isa = PBXBuildFile; fileRef = B42627252874F0B300CA976D /* ListViewController.swift */; };
		B42627292874F17600CA976D /* MainTabBarController.swift in Sources */ = {isa = PBXBuildFile; fileRef = B42627282874F17600CA976D /* MainTabBarController.swift */; };
		B426272B2874F1D800CA976D /* PeopleViewController.swift in Sources */ = {isa = PBXBuildFile; fileRef = B426272A2874F1D800CA976D /* PeopleViewController.swift */; };
		B45770FC28651646001395DA /* UIbutton + Extension.swift in Sources */ = {isa = PBXBuildFile; fileRef = B45770FB28651646001395DA /* UIbutton + Extension.swift */; };
		B45770FE2865BC84001395DA /* UIFont + Extension.swift in Sources */ = {isa = PBXBuildFile; fileRef = B45770FD2865BC84001395DA /* UIFont + Extension.swift */; };
		B45771002865BE69001395DA /* UIColor + Extension.swift in Sources */ = {isa = PBXBuildFile; fileRef = B45770FF2865BE69001395DA /* UIColor + Extension.swift */; };
		B45771022865C439001395DA /* UILabel + Extension.swift in Sources */ = {isa = PBXBuildFile; fileRef = B45771012865C439001395DA /* UILabel + Extension.swift */; };
		B45771042865C711001395DA /* UIImageView + Extension.swift in Sources */ = {isa = PBXBuildFile; fileRef = B45771032865C711001395DA /* UIImageView + Extension.swift */; };
		B457710A2865CD0D001395DA /* ButtonFormView.swift in Sources */ = {isa = PBXBuildFile; fileRef = B45771092865CD0D001395DA /* ButtonFormView.swift */; };
		B4A767792880441800FB84E4 /* ActiveChatCell.swift in Sources */ = {isa = PBXBuildFile; fileRef = B4A767782880441800FB84E4 /* ActiveChatCell.swift */; };
		B4A7677B2880604600FB84E4 /* GradientView.swift in Sources */ = {isa = PBXBuildFile; fileRef = B4A7677A2880604600FB84E4 /* GradientView.swift */; };
		B4A7677D28806D8900FB84E4 /* WaitingChatCell.swift in Sources */ = {isa = PBXBuildFile; fileRef = B4A7677C28806D8900FB84E4 /* WaitingChatCell.swift */; };
		B4A7677F28806F0300FB84E4 /* SelfConfigurationCell.swift in Sources */ = {isa = PBXBuildFile; fileRef = B4A7677E28806F0300FB84E4 /* SelfConfigurationCell.swift */; };
		B4A7678228807C2600FB84E4 /* SectionHeader.swift in Sources */ = {isa = PBXBuildFile; fileRef = B4A7678128807C2600FB84E4 /* SectionHeader.swift */; };
		B4BFC2392865E73100676F70 /* UIStackView + Extention.swift in Sources */ = {isa = PBXBuildFile; fileRef = B4BFC2382865E73100676F70 /* UIStackView + Extention.swift */; };
		B4BFC23B2865E9B400676F70 /* .gitignore in Resources */ = {isa = PBXBuildFile; fileRef = B4BFC23A2865E9B400676F70 /* .gitignore */; };
		B4C6220E2864FD52002F25BD /* AppDelegate.swift in Sources */ = {isa = PBXBuildFile; fileRef = B4C6220D2864FD52002F25BD /* AppDelegate.swift */; };
		B4C622102864FD52002F25BD /* SceneDelegate.swift in Sources */ = {isa = PBXBuildFile; fileRef = B4C6220F2864FD52002F25BD /* SceneDelegate.swift */; };
		B4C622122864FD52002F25BD /* AuthViewController.swift in Sources */ = {isa = PBXBuildFile; fileRef = B4C622112864FD52002F25BD /* AuthViewController.swift */; };
		B4C622172864FD54002F25BD /* Assets.xcassets in Resources */ = {isa = PBXBuildFile; fileRef = B4C622162864FD54002F25BD /* Assets.xcassets */; };
		B4C6221A2864FD54002F25BD /* LaunchScreen.storyboard in Resources */ = {isa = PBXBuildFile; fileRef = B4C622182864FD54002F25BD /* LaunchScreen.storyboard */; };
		B4D607BF2881CFE3008372CE /* users.json in Resources */ = {isa = PBXBuildFile; fileRef = B4D607BE2881CFE3008372CE /* users.json */; };
		B4D607C12881D1F5008372CE /* Muser.swift in Sources */ = {isa = PBXBuildFile; fileRef = B4D607C02881D1F5008372CE /* Muser.swift */; };
		B4D607C42881D241008372CE /* MChat.swift in Sources */ = {isa = PBXBuildFile; fileRef = B4D607C32881D241008372CE /* MChat.swift */; };
		B4D607C628871BFA008372CE /* UserCell.swift in Sources */ = {isa = PBXBuildFile; fileRef = B4D607C528871BFA008372CE /* UserCell.swift */; };
		B4D607C828871F94008372CE /* UIViewController Extension.swift in Sources */ = {isa = PBXBuildFile; fileRef = B4D607C728871F94008372CE /* UIViewController Extension.swift */; };
/* End PBXBuildFile section */

/* Begin PBXFileReference section */
		B41583612877617400AFEEBF /* activeChats.json */ = {isa = PBXFileReference; fileEncoding = 4; lastKnownFileType = text.json; name = activeChats.json; path = Extensions/activeChats.json; sourceTree = SOURCE_ROOT; };
		B41583622877617400AFEEBF /* waitingChats.json */ = {isa = PBXFileReference; fileEncoding = 4; lastKnownFileType = text.json; name = waitingChats.json; path = Extensions/waitingChats.json; sourceTree = SOURCE_ROOT; };
		B41583652877620900AFEEBF /* Bundle-Decodable.swift */ = {isa = PBXFileReference; fileEncoding = 4; lastKnownFileType = sourcecode.swift; path = "Bundle-Decodable.swift"; sourceTree = "<group>"; };
		B4262718287333E400CA976D /* SignUpViewController.swift */ = {isa = PBXFileReference; lastKnownFileType = sourcecode.swift; path = SignUpViewController.swift; sourceTree = "<group>"; };
		B426271A2873383D00CA976D /* OneLineTextField.swift */ = {isa = PBXFileReference; lastKnownFileType = sourcecode.swift; path = OneLineTextField.swift; sourceTree = "<group>"; };
		B426271C287347C900CA976D /* LoginViewController.swift */ = {isa = PBXFileReference; lastKnownFileType = sourcecode.swift; path = LoginViewController.swift; sourceTree = "<group>"; };
		B426271E28737E5700CA976D /* SetUpProfileViewController.swift */ = {isa = PBXFileReference; lastKnownFileType = sourcecode.swift; path = SetUpProfileViewController.swift; sourceTree = "<group>"; };
		B42627202873819000CA976D /* AddphotoView.swift */ = {isa = PBXFileReference; lastKnownFileType = sourcecode.swift; path = AddphotoView.swift; sourceTree = "<group>"; };
		B4262722287392F600CA976D /* UISegmentedControl + Extension.swift */ = {isa = PBXFileReference; lastKnownFileType = sourcecode.swift; path = "UISegmentedControl + Extension.swift"; sourceTree = "<group>"; };
		B42627252874F0B300CA976D /* ListViewController.swift */ = {isa = PBXFileReference; lastKnownFileType = sourcecode.swift; path = ListViewController.swift; sourceTree = "<group>"; };
		B42627282874F17600CA976D /* MainTabBarController.swift */ = {isa = PBXFileReference; lastKnownFileType = sourcecode.swift; path = MainTabBarController.swift; sourceTree = "<group>"; };
		B426272A2874F1D800CA976D /* PeopleViewController.swift */ = {isa = PBXFileReference; lastKnownFileType = sourcecode.swift; path = PeopleViewController.swift; sourceTree = "<group>"; };
		B45770FB28651646001395DA /* UIbutton + Extension.swift */ = {isa = PBXFileReference; lastKnownFileType = sourcecode.swift; path = "UIbutton + Extension.swift"; sourceTree = "<group>"; };
		B45770FD2865BC84001395DA /* UIFont + Extension.swift */ = {isa = PBXFileReference; lastKnownFileType = sourcecode.swift; path = "UIFont + Extension.swift"; sourceTree = "<group>"; };
		B45770FF2865BE69001395DA /* UIColor + Extension.swift */ = {isa = PBXFileReference; lastKnownFileType = sourcecode.swift; path = "UIColor + Extension.swift"; sourceTree = "<group>"; };
		B45771012865C439001395DA /* UILabel + Extension.swift */ = {isa = PBXFileReference; lastKnownFileType = sourcecode.swift; path = "UILabel + Extension.swift"; sourceTree = "<group>"; };
		B45771032865C711001395DA /* UIImageView + Extension.swift */ = {isa = PBXFileReference; lastKnownFileType = sourcecode.swift; path = "UIImageView + Extension.swift"; sourceTree = "<group>"; };
		B45771092865CD0D001395DA /* ButtonFormView.swift */ = {isa = PBXFileReference; lastKnownFileType = sourcecode.swift; path = ButtonFormView.swift; sourceTree = "<group>"; };
		B4A767782880441800FB84E4 /* ActiveChatCell.swift */ = {isa = PBXFileReference; lastKnownFileType = sourcecode.swift; path = ActiveChatCell.swift; sourceTree = "<group>"; };
		B4A7677A2880604600FB84E4 /* GradientView.swift */ = {isa = PBXFileReference; lastKnownFileType = sourcecode.swift; path = GradientView.swift; sourceTree = "<group>"; };
		B4A7677C28806D8900FB84E4 /* WaitingChatCell.swift */ = {isa = PBXFileReference; lastKnownFileType = sourcecode.swift; path = WaitingChatCell.swift; sourceTree = "<group>"; };
		B4A7677E28806F0300FB84E4 /* SelfConfigurationCell.swift */ = {isa = PBXFileReference; lastKnownFileType = sourcecode.swift; path = SelfConfigurationCell.swift; sourceTree = "<group>"; };
		B4A7678128807C2600FB84E4 /* SectionHeader.swift */ = {isa = PBXFileReference; lastKnownFileType = sourcecode.swift; path = SectionHeader.swift; sourceTree = "<group>"; };
		B4BFC2382865E73100676F70 /* UIStackView + Extention.swift */ = {isa = PBXFileReference; lastKnownFileType = sourcecode.swift; path = "UIStackView + Extention.swift"; sourceTree = "<group>"; };
		B4BFC23A2865E9B400676F70 /* .gitignore */ = {isa = PBXFileReference; lastKnownFileType = text; path = .gitignore; sourceTree = "<group>"; };
		B4C6220A2864FD52002F25BD /* iChat.app */ = {isa = PBXFileReference; explicitFileType = wrapper.application; includeInIndex = 0; path = iChat.app; sourceTree = BUILT_PRODUCTS_DIR; };
		B4C6220D2864FD52002F25BD /* AppDelegate.swift */ = {isa = PBXFileReference; lastKnownFileType = sourcecode.swift; path = AppDelegate.swift; sourceTree = "<group>"; };
		B4C6220F2864FD52002F25BD /* SceneDelegate.swift */ = {isa = PBXFileReference; lastKnownFileType = sourcecode.swift; path = SceneDelegate.swift; sourceTree = "<group>"; };
		B4C622112864FD52002F25BD /* AuthViewController.swift */ = {isa = PBXFileReference; lastKnownFileType = sourcecode.swift; path = AuthViewController.swift; sourceTree = "<group>"; };
		B4C622162864FD54002F25BD /* Assets.xcassets */ = {isa = PBXFileReference; lastKnownFileType = folder.assetcatalog; path = Assets.xcassets; sourceTree = "<group>"; };
		B4C622192864FD54002F25BD /* Base */ = {isa = PBXFileReference; lastKnownFileType = file.storyboard; name = Base; path = Base.lproj/LaunchScreen.storyboard; sourceTree = "<group>"; };
		B4C6221B2864FD54002F25BD /* Info.plist */ = {isa = PBXFileReference; lastKnownFileType = text.plist.xml; path = Info.plist; sourceTree = "<group>"; };
		B4D607BE2881CFE3008372CE /* users.json */ = {isa = PBXFileReference; fileEncoding = 4; lastKnownFileType = text.json; name = users.json; path = "../../../../Downloads/20. урок/IChat/users.json"; sourceTree = "<group>"; };
		B4D607C02881D1F5008372CE /* Muser.swift */ = {isa = PBXFileReference; lastKnownFileType = sourcecode.swift; path = Muser.swift; sourceTree = "<group>"; };
		B4D607C32881D241008372CE /* MChat.swift */ = {isa = PBXFileReference; lastKnownFileType = sourcecode.swift; path = MChat.swift; sourceTree = "<group>"; };
		B4D607C528871BFA008372CE /* UserCell.swift */ = {isa = PBXFileReference; lastKnownFileType = sourcecode.swift; path = UserCell.swift; sourceTree = "<group>"; };
		B4D607C728871F94008372CE /* UIViewController Extension.swift */ = {isa = PBXFileReference; lastKnownFileType = sourcecode.swift; path = "UIViewController Extension.swift"; sourceTree = "<group>"; };
/* End PBXFileReference section */

/* Begin PBXFrameworksBuildPhase section */
		B4C622072864FD52002F25BD /* Frameworks */ = {
			isa = PBXFrameworksBuildPhase;
			buildActionMask = 2147483647;
			files = (
			);
			runOnlyForDeploymentPostprocessing = 0;
		};
/* End PBXFrameworksBuildPhase section */

/* Begin PBXGroup section */
		B42627242874F04A00CA976D /* SignIn&Auth */ = {
			isa = PBXGroup;
			children = (
				B4C622112864FD52002F25BD /* AuthViewController.swift */,
				B426271C287347C900CA976D /* LoginViewController.swift */,
				B426271E28737E5700CA976D /* SetUpProfileViewController.swift */,
				B4262718287333E400CA976D /* SignUpViewController.swift */,
			);
			path = "SignIn&Auth";
			sourceTree = "<group>";
		};
		B42627272874F14100CA976D /* Controllers */ = {
			isa = PBXGroup;
			children = (
				B4A76777288043EF00FB84E4 /* Cell */,
				B42627252874F0B300CA976D /* ListViewController.swift */,
				B42627282874F17600CA976D /* MainTabBarController.swift */,
				B426272A2874F1D800CA976D /* PeopleViewController.swift */,
			);
			path = Controllers;
			sourceTree = "<group>";
		};
		B45771052865C97A001395DA /* Extensions */ = {
			isa = PBXGroup;
			children = (
				B4A7678028806F5600FB84E4 /* Protocols */,
				B426271A2873383D00CA976D /* OneLineTextField.swift */,
				B45771092865CD0D001395DA /* ButtonFormView.swift */,
				B42627202873819000CA976D /* AddphotoView.swift */,
				B41583652877620900AFEEBF /* Bundle-Decodable.swift */,
				B4A7677A2880604600FB84E4 /* GradientView.swift */,
				B41583612877617400AFEEBF /* activeChats.json */,
				B41583622877617400AFEEBF /* waitingChats.json */,
				B4D607BE2881CFE3008372CE /* users.json */,
				B45771082865CA09001395DA /* UIKit */,
			);
			path = Extensions;
			sourceTree = "<group>";
		};
		B45771082865CA09001395DA /* UIKit */ = {
			isa = PBXGroup;
			children = (
				B4BFC2382865E73100676F70 /* UIStackView + Extention.swift */,
				B45770FD2865BC84001395DA /* UIFont + Extension.swift */,
				B45770FF2865BE69001395DA /* UIColor + Extension.swift */,
				B45771012865C439001395DA /* UILabel + Extension.swift */,
				B45771032865C711001395DA /* UIImageView + Extension.swift */,
				B45770FB28651646001395DA /* UIbutton + Extension.swift */,
				B4262722287392F600CA976D /* UISegmentedControl + Extension.swift */,
				B4D607C728871F94008372CE /* UIViewController Extension.swift */,
			);
			path = UIKit;
			sourceTree = "<group>";
		};
		B4A76777288043EF00FB84E4 /* Cell */ = {
			isa = PBXGroup;
			children = (
				B4A767782880441800FB84E4 /* ActiveChatCell.swift */,
				B4A7677C28806D8900FB84E4 /* WaitingChatCell.swift */,
				B4A7678128807C2600FB84E4 /* SectionHeader.swift */,
				B4D607C528871BFA008372CE /* UserCell.swift */,
			);
			path = Cell;
			sourceTree = "<group>";
		};
		B4A7678028806F5600FB84E4 /* Protocols */ = {
			isa = PBXGroup;
			children = (
				B4A7677E28806F0300FB84E4 /* SelfConfigurationCell.swift */,
			);
			path = Protocols;
			sourceTree = "<group>";
		};
		B4C622012864FD52002F25BD = {
			isa = PBXGroup;
			children = (
				B4C6220C2864FD52002F25BD /* iChat */,
				B45771052865C97A001395DA /* Extensions */,
				B4C6220B2864FD52002F25BD /* Products */,
			);
			sourceTree = "<group>";
		};
		B4C6220B2864FD52002F25BD /* Products */ = {
			isa = PBXGroup;
			children = (
				B4C6220A2864FD52002F25BD /* iChat.app */,
			);
			name = Products;
			sourceTree = "<group>";
		};
		B4C6220C2864FD52002F25BD /* iChat */ = {
			isa = PBXGroup;
			children = (
				B4C6220D2864FD52002F25BD /* AppDelegate.swift */,
				B4C6220F2864FD52002F25BD /* SceneDelegate.swift */,
				B4D607C22881D229008372CE /* Model */,
				B42627272874F14100CA976D /* Controllers */,
				B42627242874F04A00CA976D /* SignIn&Auth */,
				B4BFC23A2865E9B400676F70 /* .gitignore */,
				B4C622162864FD54002F25BD /* Assets.xcassets */,
				B4C622182864FD54002F25BD /* LaunchScreen.storyboard */,
				B4C6221B2864FD54002F25BD /* Info.plist */,
			);
			path = iChat;
			sourceTree = "<group>";
		};
		B4D607C22881D229008372CE /* Model */ = {
			isa = PBXGroup;
			children = (
				B4D607C02881D1F5008372CE /* Muser.swift */,
				B4D607C32881D241008372CE /* MChat.swift */,
			);
			path = Model;
			sourceTree = "<group>";
		};
/* End PBXGroup section */

/* Begin PBXNativeTarget section */
		B4C622092864FD52002F25BD /* iChat */ = {
			isa = PBXNativeTarget;
			buildConfigurationList = B4C6221E2864FD54002F25BD /* Build configuration list for PBXNativeTarget "iChat" */;
			buildPhases = (
				B4C622062864FD52002F25BD /* Sources */,
				B4C622072864FD52002F25BD /* Frameworks */,
				B4C622082864FD52002F25BD /* Resources */,
			);
			buildRules = (
			);
			dependencies = (
			);
			name = iChat;
			productName = iChat;
			productReference = B4C6220A2864FD52002F25BD /* iChat.app */;
			productType = "com.apple.product-type.application";
		};
/* End PBXNativeTarget section */

/* Begin PBXProject section */
		B4C622022864FD52002F25BD /* Project object */ = {
			isa = PBXProject;
			attributes = {
				BuildIndependentTargetsInParallel = 1;
				LastSwiftUpdateCheck = 1340;
				LastUpgradeCheck = 1340;
				TargetAttributes = {
					B4C622092864FD52002F25BD = {
						CreatedOnToolsVersion = 13.4.1;
					};
				};
			};
			buildConfigurationList = B4C622052864FD52002F25BD /* Build configuration list for PBXProject "iChat" */;
			compatibilityVersion = "Xcode 13.0";
			developmentRegion = en;
			hasScannedForEncodings = 0;
			knownRegions = (
				en,
				Base,
			);
			mainGroup = B4C622012864FD52002F25BD;
			productRefGroup = B4C6220B2864FD52002F25BD /* Products */;
			projectDirPath = "";
			projectRoot = "";
			targets = (
				B4C622092864FD52002F25BD /* iChat */,
			);
		};
/* End PBXProject section */

/* Begin PBXResourcesBuildPhase section */
		B4C622082864FD52002F25BD /* Resources */ = {
			isa = PBXResourcesBuildPhase;
			buildActionMask = 2147483647;
			files = (
				B4D607BF2881CFE3008372CE /* users.json in Resources */,
				B4C6221A2864FD54002F25BD /* LaunchScreen.storyboard in Resources */,
				B4BFC23B2865E9B400676F70 /* .gitignore in Resources */,
				B41583642877617400AFEEBF /* waitingChats.json in Resources */,
				B4C622172864FD54002F25BD /* Assets.xcassets in Resources */,
				B41583632877617400AFEEBF /* activeChats.json in Resources */,
			);
			runOnlyForDeploymentPostprocessing = 0;
		};
/* End PBXResourcesBuildPhase section */

/* Begin PBXSourcesBuildPhase section */
		B4C622062864FD52002F25BD /* Sources */ = {
			isa = PBXSourcesBuildPhase;
			buildActionMask = 2147483647;
			files = (
				B4D607C42881D241008372CE /* MChat.swift in Sources */,
				B42627262874F0B300CA976D /* ListViewController.swift in Sources */,
				B426271B2873383D00CA976D /* OneLineTextField.swift in Sources */,
				B4A7678228807C2600FB84E4 /* SectionHeader.swift in Sources */,
				B4A7677B2880604600FB84E4 /* GradientView.swift in Sources */,
				B42627292874F17600CA976D /* MainTabBarController.swift in Sources */,
				B4262719287333E400CA976D /* SignUpViewController.swift in Sources */,
				B4A767792880441800FB84E4 /* ActiveChatCell.swift in Sources */,
				B426271F28737E5700CA976D /* SetUpProfileViewController.swift in Sources */,
				B426272B2874F1D800CA976D /* PeopleViewController.swift in Sources */,
				B42627212873819000CA976D /* AddphotoView.swift in Sources */,
				B41583662877620900AFEEBF /* Bundle-Decodable.swift in Sources */,
				B45770FE2865BC84001395DA /* UIFont + Extension.swift in Sources */,
				B4C622122864FD52002F25BD /* AuthViewController.swift in Sources */,
				B4C6220E2864FD52002F25BD /* AppDelegate.swift in Sources */,
				B457710A2865CD0D001395DA /* ButtonFormView.swift in Sources */,
				B45771022865C439001395DA /* UILabel + Extension.swift in Sources */,
				B45771042865C711001395DA /* UIImageView + Extension.swift in Sources */,
				B4A7677F28806F0300FB84E4 /* SelfConfigurationCell.swift in Sources */,
				B4262723287392F600CA976D /* UISegmentedControl + Extension.swift in Sources */,
				B4D607C628871BFA008372CE /* UserCell.swift in Sources */,
				B4D607C828871F94008372CE /* UIViewController Extension.swift in Sources */,
				B4A7677D28806D8900FB84E4 /* WaitingChatCell.swift in Sources */,
				B4D607C12881D1F5008372CE /* Muser.swift in Sources */,
				B4BFC2392865E73100676F70 /* UIStackView + Extention.swift in Sources */,
				B45771002865BE69001395DA /* UIColor + Extension.swift in Sources */,
				B4C622102864FD52002F25BD /* SceneDelegate.swift in Sources */,
				B426271D287347C900CA976D /* LoginViewController.swift in Sources */,
				B45770FC28651646001395DA /* UIbutton + Extension.swift in Sources */,
			);
			runOnlyForDeploymentPostprocessing = 0;
		};
/* End PBXSourcesBuildPhase section */

/* Begin PBXVariantGroup section */
		B4C622182864FD54002F25BD /* LaunchScreen.storyboard */ = {
			isa = PBXVariantGroup;
			children = (
				B4C622192864FD54002F25BD /* Base */,
			);
			name = LaunchScreen.storyboard;
			sourceTree = "<group>";
		};
/* End PBXVariantGroup section */

/* Begin XCBuildConfiguration section */
		B4C6221C2864FD54002F25BD /* Debug */ = {
			isa = XCBuildConfiguration;
			buildSettings = {
				ALWAYS_SEARCH_USER_PATHS = NO;
				CLANG_ANALYZER_NONNULL = YES;
				CLANG_ANALYZER_NUMBER_OBJECT_CONVERSION = YES_AGGRESSIVE;
				CLANG_CXX_LANGUAGE_STANDARD = "gnu++17";
				CLANG_ENABLE_MODULES = YES;
				CLANG_ENABLE_OBJC_ARC = YES;
				CLANG_ENABLE_OBJC_WEAK = YES;
				CLANG_WARN_BLOCK_CAPTURE_AUTORELEASING = YES;
				CLANG_WARN_BOOL_CONVERSION = YES;
				CLANG_WARN_COMMA = YES;
				CLANG_WARN_CONSTANT_CONVERSION = YES;
				CLANG_WARN_DEPRECATED_OBJC_IMPLEMENTATIONS = YES;
				CLANG_WARN_DIRECT_OBJC_ISA_USAGE = YES_ERROR;
				CLANG_WARN_DOCUMENTATION_COMMENTS = YES;
				CLANG_WARN_EMPTY_BODY = YES;
				CLANG_WARN_ENUM_CONVERSION = YES;
				CLANG_WARN_INFINITE_RECURSION = YES;
				CLANG_WARN_INT_CONVERSION = YES;
				CLANG_WARN_NON_LITERAL_NULL_CONVERSION = YES;
				CLANG_WARN_OBJC_IMPLICIT_RETAIN_SELF = YES;
				CLANG_WARN_OBJC_LITERAL_CONVERSION = YES;
				CLANG_WARN_OBJC_ROOT_CLASS = YES_ERROR;
				CLANG_WARN_QUOTED_INCLUDE_IN_FRAMEWORK_HEADER = YES;
				CLANG_WARN_RANGE_LOOP_ANALYSIS = YES;
				CLANG_WARN_STRICT_PROTOTYPES = YES;
				CLANG_WARN_SUSPICIOUS_MOVE = YES;
				CLANG_WARN_UNGUARDED_AVAILABILITY = YES_AGGRESSIVE;
				CLANG_WARN_UNREACHABLE_CODE = YES;
				CLANG_WARN__DUPLICATE_METHOD_MATCH = YES;
				COPY_PHASE_STRIP = NO;
				DEBUG_INFORMATION_FORMAT = dwarf;
				ENABLE_STRICT_OBJC_MSGSEND = YES;
				ENABLE_TESTABILITY = YES;
				GCC_C_LANGUAGE_STANDARD = gnu11;
				GCC_DYNAMIC_NO_PIC = NO;
				GCC_NO_COMMON_BLOCKS = YES;
				GCC_OPTIMIZATION_LEVEL = 0;
				GCC_PREPROCESSOR_DEFINITIONS = (
					"DEBUG=1",
					"$(inherited)",
				);
				GCC_WARN_64_TO_32_BIT_CONVERSION = YES;
				GCC_WARN_ABOUT_RETURN_TYPE = YES_ERROR;
				GCC_WARN_UNDECLARED_SELECTOR = YES;
				GCC_WARN_UNINITIALIZED_AUTOS = YES_AGGRESSIVE;
				GCC_WARN_UNUSED_FUNCTION = YES;
				GCC_WARN_UNUSED_VARIABLE = YES;
				IPHONEOS_DEPLOYMENT_TARGET = 15.5;
				MTL_ENABLE_DEBUG_INFO = INCLUDE_SOURCE;
				MTL_FAST_MATH = YES;
				ONLY_ACTIVE_ARCH = YES;
				SDKROOT = iphoneos;
				SWIFT_ACTIVE_COMPILATION_CONDITIONS = DEBUG;
				SWIFT_OPTIMIZATION_LEVEL = "-Onone";
			};
			name = Debug;
		};
		B4C6221D2864FD54002F25BD /* Release */ = {
			isa = XCBuildConfiguration;
			buildSettings = {
				ALWAYS_SEARCH_USER_PATHS = NO;
				CLANG_ANALYZER_NONNULL = YES;
				CLANG_ANALYZER_NUMBER_OBJECT_CONVERSION = YES_AGGRESSIVE;
				CLANG_CXX_LANGUAGE_STANDARD = "gnu++17";
				CLANG_ENABLE_MODULES = YES;
				CLANG_ENABLE_OBJC_ARC = YES;
				CLANG_ENABLE_OBJC_WEAK = YES;
				CLANG_WARN_BLOCK_CAPTURE_AUTORELEASING = YES;
				CLANG_WARN_BOOL_CONVERSION = YES;
				CLANG_WARN_COMMA = YES;
				CLANG_WARN_CONSTANT_CONVERSION = YES;
				CLANG_WARN_DEPRECATED_OBJC_IMPLEMENTATIONS = YES;
				CLANG_WARN_DIRECT_OBJC_ISA_USAGE = YES_ERROR;
				CLANG_WARN_DOCUMENTATION_COMMENTS = YES;
				CLANG_WARN_EMPTY_BODY = YES;
				CLANG_WARN_ENUM_CONVERSION = YES;
				CLANG_WARN_INFINITE_RECURSION = YES;
				CLANG_WARN_INT_CONVERSION = YES;
				CLANG_WARN_NON_LITERAL_NULL_CONVERSION = YES;
				CLANG_WARN_OBJC_IMPLICIT_RETAIN_SELF = YES;
				CLANG_WARN_OBJC_LITERAL_CONVERSION = YES;
				CLANG_WARN_OBJC_ROOT_CLASS = YES_ERROR;
				CLANG_WARN_QUOTED_INCLUDE_IN_FRAMEWORK_HEADER = YES;
				CLANG_WARN_RANGE_LOOP_ANALYSIS = YES;
				CLANG_WARN_STRICT_PROTOTYPES = YES;
				CLANG_WARN_SUSPICIOUS_MOVE = YES;
				CLANG_WARN_UNGUARDED_AVAILABILITY = YES_AGGRESSIVE;
				CLANG_WARN_UNREACHABLE_CODE = YES;
				CLANG_WARN__DUPLICATE_METHOD_MATCH = YES;
				COPY_PHASE_STRIP = NO;
				DEBUG_INFORMATION_FORMAT = "dwarf-with-dsym";
				ENABLE_NS_ASSERTIONS = NO;
				ENABLE_STRICT_OBJC_MSGSEND = YES;
				GCC_C_LANGUAGE_STANDARD = gnu11;
				GCC_NO_COMMON_BLOCKS = YES;
				GCC_WARN_64_TO_32_BIT_CONVERSION = YES;
				GCC_WARN_ABOUT_RETURN_TYPE = YES_ERROR;
				GCC_WARN_UNDECLARED_SELECTOR = YES;
				GCC_WARN_UNINITIALIZED_AUTOS = YES_AGGRESSIVE;
				GCC_WARN_UNUSED_FUNCTION = YES;
				GCC_WARN_UNUSED_VARIABLE = YES;
				IPHONEOS_DEPLOYMENT_TARGET = 15.5;
				MTL_ENABLE_DEBUG_INFO = NO;
				MTL_FAST_MATH = YES;
				SDKROOT = iphoneos;
				SWIFT_COMPILATION_MODE = wholemodule;
				SWIFT_OPTIMIZATION_LEVEL = "-O";
				VALIDATE_PRODUCT = YES;
			};
			name = Release;
		};
		B4C6221F2864FD54002F25BD /* Debug */ = {
			isa = XCBuildConfiguration;
			buildSettings = {
				ASSETCATALOG_COMPILER_APPICON_NAME = AppIcon;
				ASSETCATALOG_COMPILER_GLOBAL_ACCENT_COLOR_NAME = AccentColor;
				CODE_SIGN_STYLE = Automatic;
				CURRENT_PROJECT_VERSION = 1;
				DEVELOPMENT_TEAM = Z4S8VL3GHH;
				GENERATE_INFOPLIST_FILE = YES;
				INFOPLIST_FILE = iChat/Info.plist;
				INFOPLIST_KEY_UIApplicationSupportsIndirectInputEvents = YES;
				INFOPLIST_KEY_UILaunchStoryboardName = LaunchScreen;
				INFOPLIST_KEY_UISupportedInterfaceOrientations_iPad = "UIInterfaceOrientationPortrait UIInterfaceOrientationPortraitUpsideDown UIInterfaceOrientationLandscapeLeft UIInterfaceOrientationLandscapeRight";
				INFOPLIST_KEY_UISupportedInterfaceOrientations_iPhone = "UIInterfaceOrientationPortrait UIInterfaceOrientationLandscapeLeft UIInterfaceOrientationLandscapeRight";
				LD_RUNPATH_SEARCH_PATHS = (
					"$(inherited)",
					"@executable_path/Frameworks",
				);
				MARKETING_VERSION = 1.0;
				PRODUCT_BUNDLE_IDENTIFIER = su.andrerusso.iChat;
				PRODUCT_NAME = "$(TARGET_NAME)";
				SWIFT_EMIT_LOC_STRINGS = YES;
				SWIFT_VERSION = 5.0;
				TARGETED_DEVICE_FAMILY = "1,2";
			};
			name = Debug;
		};
		B4C622202864FD54002F25BD /* Release */ = {
			isa = XCBuildConfiguration;
			buildSettings = {
				ASSETCATALOG_COMPILER_APPICON_NAME = AppIcon;
				ASSETCATALOG_COMPILER_GLOBAL_ACCENT_COLOR_NAME = AccentColor;
				CODE_SIGN_STYLE = Automatic;
				CURRENT_PROJECT_VERSION = 1;
				DEVELOPMENT_TEAM = Z4S8VL3GHH;
				GENERATE_INFOPLIST_FILE = YES;
				INFOPLIST_FILE = iChat/Info.plist;
				INFOPLIST_KEY_UIApplicationSupportsIndirectInputEvents = YES;
				INFOPLIST_KEY_UILaunchStoryboardName = LaunchScreen;
				INFOPLIST_KEY_UISupportedInterfaceOrientations_iPad = "UIInterfaceOrientationPortrait UIInterfaceOrientationPortraitUpsideDown UIInterfaceOrientationLandscapeLeft UIInterfaceOrientationLandscapeRight";
				INFOPLIST_KEY_UISupportedInterfaceOrientations_iPhone = "UIInterfaceOrientationPortrait UIInterfaceOrientationLandscapeLeft UIInterfaceOrientationLandscapeRight";
				LD_RUNPATH_SEARCH_PATHS = (
					"$(inherited)",
					"@executable_path/Frameworks",
				);
				MARKETING_VERSION = 1.0;
				PRODUCT_BUNDLE_IDENTIFIER = su.andrerusso.iChat;
				PRODUCT_NAME = "$(TARGET_NAME)";
				SWIFT_EMIT_LOC_STRINGS = YES;
				SWIFT_VERSION = 5.0;
				TARGETED_DEVICE_FAMILY = "1,2";
			};
			name = Release;
		};
/* End XCBuildConfiguration section */

/* Begin XCConfigurationList section */
		B4C622052864FD52002F25BD /* Build configuration list for PBXProject "iChat" */ = {
			isa = XCConfigurationList;
			buildConfigurations = (
				B4C6221C2864FD54002F25BD /* Debug */,
				B4C6221D2864FD54002F25BD /* Release */,
			);
			defaultConfigurationIsVisible = 0;
			defaultConfigurationName = Release;
		};
		B4C6221E2864FD54002F25BD /* Build configuration list for PBXNativeTarget "iChat" */ = {
			isa = XCConfigurationList;
			buildConfigurations = (
				B4C6221F2864FD54002F25BD /* Debug */,
				B4C622202864FD54002F25BD /* Release */,
			);
			defaultConfigurationIsVisible = 0;
			defaultConfigurationName = Release;
		};
/* End XCConfigurationList section */
	};
	rootObject = B4C622022864FD52002F25BD /* Project object */;
}
